# This file was autogenerated by Stack.
# You should not edit this file by hand.
# For more information, please see the documentation at:
#   https://docs.haskellstack.org/en/stable/lock_files

packages:
- completed:
    name: haskell-src-exts
    version: 1.23.0
    git: https://github.com/AshleyYakeley/haskell-src-exts.git
    pantry-tree:
      size: 98738
      sha256: 4c51d8121434a8929dc7cc504ddb70b92cca84840d66a8d21eed91b281993318
    commit: 0f5103dd6fbea4f7ee8b156b40c7782e989e7025
  original:
    git: https://github.com/AshleyYakeley/haskell-src-exts.git
    commit: 0f5103dd6fbea4f7ee8b156b40c7782e989e7025
- completed:
    name: hindent
    version: 5.3.1
    git: https://github.com/AshleyYakeley/hindent.git
    pantry-tree:
      size: 2019
      sha256: 0ee53dbb4997745af6d3580d9377892f93ec432edb2163a016204e62ba5a6951
    commit: 9023e5da7245a802fa115a5e616f8beca0c9ffcf
  original:
    git: https://github.com/AshleyYakeley/hindent.git
    commit: 9023e5da7245a802fa115a5e616f8beca0c9ffcf
snapshots:
- completed:
    size: 619093
    url: https://raw.githubusercontent.com/commercialhaskell/stackage-snapshots/master/lts/19/5.yaml
    sha256: b936d27d647a31a8834d3efec126e2a07dee9c9bd6dd401d9bdac77e7b278f1e
  original: lts-19.5
